# THIS IS AN AUTOGENERATED FILE. DO NOT EDIT THIS FILE DIRECTLY.
# yarn lockfile v1


"charenc@>= 0.0.1":
  "integrity" "sha1-AEz/n+rxAjgu0S21jdb5Ynltbog="
  "resolved" "https://registry.npmjs.org/charenc/-/charenc-0.0.1.tgz"
  "version" "0.0.1"

"core-util-is@~1.0.0":
  "integrity" "sha1-tf1UIgqivFq1eqtxQMlAdUUDwac="
  "resolved" "https://registry.npmjs.org/core-util-is/-/core-util-is-1.0.2.tgz"
  "version" "1.0.2"

"crypt@>= 0.0.1":
  "integrity" "sha1-XxGyGmwF7xteeXCDZtpjdOzh5qI="
  "resolved" "https://registry.npmjs.org/crypt/-/crypt-0.0.1.tgz"
  "version" "0.0.1"

"immediate@~3.0.5":
  "integrity" "sha1-nbHb0Pr43m++D13V5Wu2BigN5ps="
  "resolved" "https://registry.npmjs.org/immediate/-/immediate-3.0.6.tgz"
  "version" "3.0.6"

"inherits@~2.0.3":
  "integrity" "sha1-Yzwsg+PaQqUC9SRmAiSA9CCCYd4="
  "resolved" "https://registry.npmjs.org/inherits/-/inherits-2.0.3.tgz"
  "version" "2.0.3"

"isarray@~1.0.0":
  "integrity" "sha1-u5NdSFgsuhaMBoNJV6VKPgcSTxE="
  "resolved" "https://registry.npmjs.org/isarray/-/isarray-1.0.0.tgz"
  "version" "1.0.0"

"jszip@^3.2.2":
  "integrity" "sha512-NmKajvAFQpbg3taXQXr/ccS2wcucR1AZ+NtyWp2Nq7HHVsXhcJFR8p0Baf32C2yVvBylFWVeKf+WI2AnvlPhpA=="
  "resolved" "https://registry.npmjs.org/jszip/-/jszip-3.2.2.tgz"
  "version" "3.2.2"
  dependencies:
    "lie" "~3.3.0"
    "pako" "~1.0.2"
    "readable-stream" "~2.3.6"
    "set-immediate-shim" "~1.0.1"

"lie@~3.3.0":
  "integrity" "sha512-UaiMJzeWRlEujzAuw5LokY1L5ecNQYZKfmyZ9L7wDHb/p5etKaxXhohBcrw0EYby+G/NA52vRSN4N39dxHAIwQ=="
  "resolved" "https://registry.npmjs.org/lie/-/lie-3.3.0.tgz"
  "version" "3.3.0"
  dependencies:
    "immediate" "~3.0.5"

"pako@~1.0.2":
  "integrity" "sha1-X1FbDGci4ZgpIK6ABerLC3ynPM8="
  "resolved" "https://registry.npmjs.org/pako/-/pako-1.0.3.tgz"
  "version" "1.0.3"

"process-nextick-args@~2.0.0":
  "integrity" "sha512-3ouUOpQhtgrbOa17J7+uxOTpITYWaGP7/AhoR3+A+/1e9skrzelGi/dXzEYyvbxubEF6Wn2ypscTKiKJFFn1ag=="
  "resolved" "https://registry.npmjs.org/process-nextick-args/-/process-nextick-args-2.0.1.tgz"
  "version" "2.0.1"

"readable-stream@~2.3.6":
  "integrity" "sha512-tQtKA9WIAhBF3+VLAseyMqZeBjW0AHJoxOtYqSUZNJxauErmLbVm2FW1y+J/YA9dUrAC39ITejlZWhVIwawkKw=="
  "resolved" "https://registry.npmjs.org/readable-stream/-/readable-stream-2.3.6.tgz"
  "version" "2.3.6"
  dependencies:
    "core-util-is" "~1.0.0"
    "inherits" "~2.0.3"
    "isarray" "~1.0.0"
    "process-nextick-args" "~2.0.0"
    "safe-buffer" "~5.1.1"
    "string_decoder" "~1.1.1"
    "util-deprecate" "~1.0.1"

"safe-buffer@~5.1.0", "safe-buffer@~5.1.1":
  "integrity" "sha512-kKvNJn6Mm93gAczWVJg7wH+wGYWNrDHdWvpUmHyEsgCtIwwo3bqPtV4tR5tuPaUhTOo/kvhVwd8XwwOllGYkbg=="
  "resolved" "https://registry.npmjs.org/safe-buffer/-/safe-buffer-5.1.1.tgz"
  "version" "5.1.1"

"set-immediate-shim@~1.0.1":
  "integrity" "sha1-SysbJ+uAip+NzEgaWOXlb1mfP2E="
  "resolved" "https://registry.npmjs.org/set-immediate-shim/-/set-immediate-shim-1.0.1.tgz"
  "version" "1.0.1"

"sha1@^1.1.1":
  "integrity" "sha1-rdqnqTFo85PxnrKxUJFhjicA+Eg="
  "resolved" "https://registry.npmjs.org/sha1/-/sha1-1.1.1.tgz"
  "version" "1.1.1"
  dependencies:
    "charenc" ">= 0.0.1"
    "crypt" ">= 0.0.1"

"sql.js@^0.5.0":
  "integrity" "sha1-+IDeoYKAqEDkHfIgnclnQi36jYE="
  "resolved" "https://registry.npmjs.org/sql.js/-/sql.js-0.5.0.tgz"
  "version" "0.5.0"

"string_decoder@~1.1.1":
  "integrity" "sha512-n/ShnvDi6FHbbVfviro+WojiFzv+s8MPMHBczVePfUpDJLwoLT0ht1l4YwBCbi8pJAveEEdnkHyPyTP/mzRfwg=="
  "resolved" "https://registry.npmjs.org/string_decoder/-/string_decoder-1.1.1.tgz"
  "version" "1.1.1"
  dependencies:
    "safe-buffer" "~5.1.0"

"util-deprecate@~1.0.1":
  "integrity" "sha1-RQ1Nyfpw3nMnYvvS1KKJgUGaDM8="
  "resolved" "https://registry.npmjs.org/util-deprecate/-/util-deprecate-1.0.2.tgz"
  "version" "1.0.2"
